
Microsoft Visual Studio Solution File, Format Version 12.00
# Visual Studio Version 16
VisualStudioVersion = 16.0.29920.165
MinimumVisualStudioVersion = 10.0.40219.1
Project("{FAE04EC0-301F-11D3-BF4B-00C04F79EFBC}") = "Shop", "Shop\Shop.csproj", "{CB6F012E-98C4-4A66-8107-FED16A604C7F}"
EndProject
Project("{9A19103F-16F7-4668-BE54-9A1E7A4F7556}") = "Shop.Test", "Shop.Test\Shop.Test.csproj", "{98871D5D-775F-4B7B-BC6E-CACC7B00BAA9}"
EndProject
Project("{9A19103F-16F7-4668-BE54-9A1E7A4F7556}") = "Shop.IntegratedTests", "Shop.IntegratedTests\Shop.IntegratedTests.csproj", "{AE787030-26A7-432B-A743-BC24D9C396B1}"
EndProject
Global
	GlobalSection(SolutionConfigurationPlatforms) = preSolution
		Debug|Any CPU = Debug|Any CPU
		Release|Any CPU = Release|Any CPU
	EndGlobalSection
	GlobalSection(ProjectConfigurationPlatforms) = postSolution
		{CB6F012E-98C4-4A66-8107-FED16A604C7F}.Debug|Any CPU.ActiveCfg = Debug|Any CPU
		{CB6F012E-98C4-4A66-8107-FED16A604C7F}.Debug|Any CPU.Build.0 = Debug|Any CPU
		{CB6F012E-98C4-4A66-8107-FED16A604C7F}.Release|Any CPU.ActiveCfg = Release|Any CPU
		{CB6F012E-98C4-4A66-8107-FED16A604C7F}.Release|Any CPU.Build.0 = Release|Any CPU
		{98871D5D-775F-4B7B-BC6E-CACC7B00BAA9}.Debug|Any CPU.ActiveCfg = Debug|Any CPU
		{98871D5D-775F-4B7B-BC6E-CACC7B00BAA9}.Debug|Any CPU.Build.0 = Debug|Any CPU
		{98871D5D-775F-4B7B-BC6E-CACC7B00BAA9}.Release|Any CPU.ActiveCfg = Release|Any CPU
		{98871D5D-775F-4B7B-BC6E-CACC7B00BAA9}.Release|Any CPU.Build.0 = Release|Any CPU
		{AE787030-26A7-432B-A743-BC24D9C396B1}.Debug|Any CPU.ActiveCfg = Debug|Any CPU
		{AE787030-26A7-432B-A743-BC24D9C396B1}.Debug|Any CPU.Build.0 = Debug|Any CPU
		{AE787030-26A7-432B-A743-BC24D9C396B1}.Release|Any CPU.ActiveCfg = Release|Any CPU
		{AE787030-26A7-432B-A743-BC24D9C396B1}.Release|Any CPU.Build.0 = Release|Any CPU
	EndGlobalSection
	GlobalSection(SolutionProperties) = preSolution
		HideSolutionNode = FALSE
	EndGlobalSection
	GlobalSection(ExtensibilityGlobals) = postSolution
		SolutionGuid = {4D415BB4-3EE8-45F4-88A6-AAAD81A4F4D9}
	EndGlobalSection
EndGlobal
